<?xml version="1.0" encoding="utf-8"?>
<Project ToolsVersion="4.0" xmlns="http://schemas.microsoft.com/developer/msbuild/2003">
  <ItemGroup>
    <Filter Include="Source Files">
      <UniqueIdentifier>{4FC737F1-C7A5-4376-A066-2A32D752A2FF}</UniqueIdentifier>
      <Extensions>cpp;c;cc;cxx;def;odl;idl;hpj;bat;asm;asmx</Extensions>
    </Filter>
    <Filter Include="Header Files">
      <UniqueIdentifier>{93995380-89BD-4b04-88EB-625FBE52EBFB}</UniqueIdentifier>
      <Extensions>h;hh;hpp;hxx;hm;inl;inc;xsd</Extensions>
    </Filter>
    <Filter Include="Resource Files">
      <UniqueIdentifier>{67DA6AB6-F800-4c08-8B7A-83BB121AAD01}</UniqueIdentifier>
      <Extensions>rc;ico;cur;bmp;dlg;rc2;rct;bin;rgs;gif;jpg;jpeg;jpe;resx;tiff;tif;png;wav;mfcribbon-ms</Extensions>
    </Filter>
  </ItemGroup>
  <ItemGroup>
    <Text Include="ReadMe.txt" />
  </ItemGroup>
  <ItemGroup>
    <ClInclude Include="stdafx.h">
      <Filter>Header Files</Filter>
    </ClInclude>
    <ClInclude Include="targetver.h">
      <Filter>Header Files</Filter>
    </ClInclude>
    <ClInclude Include="..\packages\OpenCV.2.4.10\build\native\include\opencv2\core\core.hpp">
      <Filter>Header Files</Filter>
    </ClInclude>
  </ItemGroup>
  <ItemGroup>
    <ClCompile Include="stdafx.cpp">
      <Filter>Source Files</Filter>
    </ClCompile>
    <ClCompile Include="OpenCVTest.cpp">
      <Filter>Source Files</Filter>
    </ClCompile>
  </ItemGroup>
  <ItemGroup>
    <None Include="packages.config" />
  </ItemGroup>
  <ItemGroup>
    <Image Include="MyPic.jpg">
      <Filter>Resource Files</Filter>
    </Image>
    <Image Include="FindingContours.png">
      <Filter>Resource Files</Filter>
    </Image>
  </ItemGroup>
  <ItemGroup>
    <Xml Include="haarcascades\haarcascade_eye.xml" />
    <Xml Include="haarcascades\haarcascade_eye_tree_eyeglasses.xml" />
    <Xml Include="haarcascades\haarcascade_frontalcatface.xml" />
    <Xml Include="haarcascades\haarcascade_frontalcatface_extended.xml" />
    <Xml Include="haarcascades\haarcascade_frontalface_alt.xml" />
    <Xml Include="haarcascades\haarcascade_frontalface_alt_tree.xml" />
    <Xml Include="haarcascades\haarcascade_frontalface_alt2.xml" />
    <Xml Include="haarcascades\haarcascade_frontalface_default.xml" />
    <Xml Include="haarcascades\haarcascade_fullbody.xml" />
    <Xml Include="haarcascades\haarcascade_lefteye_2splits.xml" />
    <Xml Include="haarcascades\haarcascade_licence_plate_rus_16stages.xml" />
    <Xml Include="haarcascades\haarcascade_lowerbody.xml" />
    <Xml Include="haarcascades\haarcascade_profileface.xml" />
    <Xml Include="haarcascades\haarcascade_righteye_2splits.xml" />
    <Xml Include="haarcascades\haarcascade_russian_plate_number.xml" />
    <Xml Include="haarcascades\haarcascade_smile.xml" />
    <Xml Include="haarcascades\haarcascade_upperbody.xml" />
  </ItemGroup>
</Project>